
Microsoft Visual Studio Solution File, Format Version 12.00
# Visual Studio Version 17
VisualStudioVersion = 17.14.36119.2 d17.14
MinimumVisualStudioVersion = 10.0.40219.1
Project("{FAE04EC0-301F-11D3-BF4B-00C04F79EFBC}") = "AntiqueShopMVC", "AntiqueShopMVC.csproj", "{2EA4B0C2-1744-49AE-BC5A-5109ED0B990B}"
EndProject
Global
	GlobalSection(SolutionConfigurationPlatforms) = preSolution
		Debug|Any CPU = Debug|Any CPU
		Release|Any CPU = Release|Any CPU
	EndGlobalSection
	GlobalSection(ProjectConfigurationPlatforms) = postSolution
		{2EA4B0C2-1744-49AE-BC5A-5109ED0B990B}.Debug|Any CPU.ActiveCfg = Debug|Any CPU
		{2EA4B0C2-1744-49AE-BC5A-5109ED0B990B}.Debug|Any CPU.Build.0 = Debug|Any CPU
		{2EA4B0C2-1744-49AE-BC5A-5109ED0B990B}.Release|Any CPU.ActiveCfg = Release|Any CPU
		{2EA4B0C2-1744-49AE-BC5A-5109ED0B990B}.Release|Any CPU.Build.0 = Release|Any CPU
	EndGlobalSection
	GlobalSection(SolutionProperties) = preSolution
		HideSolutionNode = FALSE
	EndGlobalSection
	GlobalSection(ExtensibilityGlobals) = postSolution
		SolutionGuid = {9C6207F9-69CA-4C8C-BEC4-E11049A8F2E0}
	EndGlobalSection
EndGlobal
